
Microsoft Visual Studio Solution File, Format Version 12.00
# Visual Studio Version 16
VisualStudioVersion = 16.0.31410.357
MinimumVisualStudioVersion = 10.0.40219.1
Project("{FAE04EC0-301F-11D3-BF4B-00C04F79EFBC}") = "Авто", "Авто\Авто.csproj", "{BCE8E617-D765-4CCB-A86F-4409EFE92B13}"
EndProject
Global
	GlobalSection(SolutionConfigurationPlatforms) = preSolution
		Debug|Any CPU = Debug|Any CPU
		Release|Any CPU = Release|Any CPU
	EndGlobalSection
	GlobalSection(ProjectConfigurationPlatforms) = postSolution
		{BCE8E617-D765-4CCB-A86F-4409EFE92B13}.Debug|Any CPU.ActiveCfg = Debug|Any CPU
		{BCE8E617-D765-4CCB-A86F-4409EFE92B13}.Debug|Any CPU.Build.0 = Debug|Any CPU
		{BCE8E617-D765-4CCB-A86F-4409EFE92B13}.Release|Any CPU.ActiveCfg = Release|Any CPU
		{BCE8E617-D765-4CCB-A86F-4409EFE92B13}.Release|Any CPU.Build.0 = Release|Any CPU
	EndGlobalSection
	GlobalSection(SolutionProperties) = preSolution
		HideSolutionNode = FALSE
	EndGlobalSection
	GlobalSection(ExtensibilityGlobals) = postSolution
		SolutionGuid = {B4D872BE-4B6A-482A-BE7E-A23E246968BC}
	EndGlobalSection
EndGlobal
